{
  "name": "jwt",
  "version": "1.0.0",
  "lockfileVersion": 1,
  "requires": true,
  "dependencies": {
    "angular-cookies": {
      "version": "1.7.8",
      "resolved": "https://registry.npmjs.org/angular-cookies/-/angular-cookies-1.7.8.tgz",
      "integrity": "sha512-oS2X8XLYyLrwSBUKmcGkHxphwTtAEdi3eriSwMX/WUl5D6fRZ4EcBY4DaHN+tYDnzJ1i2lFa82/oq0kTKxZmyg=="
    },
    "angular-jwt": {
      "version": "0.1.11",
      "resolved": "https://registry.npmjs.org/angular-jwt/-/angular-jwt-0.1.11.tgz",
      "integrity": "sha512-793dv5vXOXaW5/cweMd+sqSf9dPhbazDya3szTVOQ84MDEj1nYLJrixBBa7WNtZeMqz7ylWX7djnFgqLjEWcHw=="
    },
    "ngstorage": {
      "version": "0.3.11",
      "resolved": "https://registry.npmjs.org/ngstorage/-/ngstorage-0.3.11.tgz",
      "integrity": "sha1-FjfEW4ctkJ2cx+GLN0iY1QsuhE8="
    }
  }
}
